github.com/maxmind/mmdbwriter v1.0.0 h1:bieL4P6yaYaHvbtLSwnKtEvScUKKD6jcKaLiTM3WSMw=
github.com/maxmind/mmdbwriter v1.0.0/go.mod h1:noBMCUtyN5PUQ4H8ikkOvGSHhzhLok51fON2hcrpKj8=
github.com/oschwald/maxminddb-golang v1.12.0 h1:9FnTOD0YOhP7DGxGsq4glzpGy5+w7pq50AS6wALUMYs=
github.com/oschwald/maxminddb-golang v1.12.0/go.mod h1:q0Nob5lTCqyQ8WT6FYgS1L7PXKVVbgiymefNwIjPzgY=
go4.org/netipx v0.0.0-20220812043211-3cc044ffd68d h1:ggxwEf5eu0l8v+87VhX1czFh8zJul3hK16Gmruxn7hw=
go4.org/netipx v0.0.0-20220812043211-3cc044ffd68d/go.mod h1:tgPU4N2u9RByaTN3NC2p9xOzyFpte4jYwsIIRF7XlSc=
golang.org/x/sys v0.10.0 h1:SqMFp9UcQJZa+pmYuAKjd9xq1f0j5rLcDIk0mj4qAsA=
golang.org/x/sys v0.10.0/go.mod h1:oPkhp1MJrh7nUepCBck5+mAzfO9JrbApNNgaTdGDITg=
